// !$*UTF8*$!
{
	archiveVersion = 1;
	classes = {
	};
	objectVersion = 46;
	objects = {

/* Begin PBXBuildFile section */
		0303ABC119C25D1A00888433 /* Foundation.framework in Frameworks */ = {isa = PBXBuildFile; fileRef = 0303ABC019C25D1A00888433 /* Foundation.framework */; };
		0303ABC319C25D1A00888433 /* CoreGraphics.framework in Frameworks */ = {isa = PBXBuildFile; fileRef = 0303ABC219C25D1A00888433 /* CoreGraphics.framework */; };
		0303ABC519C25D1A00888433 /* UIKit.framework in Frameworks */ = {isa = PBXBuildFile; fileRef = 0303ABC419C25D1A00888433 /* UIKit.framework */; };
		0303ABCB19C25D1A00888433 /* InfoPlist.strings in Resources */ = {isa = PBXBuildFile; fileRef = 0303ABC919C25D1A00888433 /* InfoPlist.strings */; };
		0303ABCD19C25D1A00888433 /* main.m in Sources */ = {isa = PBXBuildFile; fileRef = 0303ABCC19C25D1A00888433 /* main.m */; };
		0303ABD119C25D1A00888433 /* JPAppDelegate.m in Sources */ = {isa = PBXBuildFile; fileRef = 0303ABD019C25D1A00888433 /* JPAppDelegate.m */; };
		0303ABD419C25D1A00888433 /* Main_iPhone.storyboard in Resources */ = {isa = PBXBuildFile; fileRef = 0303ABD219C25D1A00888433 /* Main_iPhone.storyboard */; };
		0303ABD719C25D1A00888433 /* Main_iPad.storyboard in Resources */ = {isa = PBXBuildFile; fileRef = 0303ABD519C25D1A00888433 /* Main_iPad.storyboard */; };
		0303ABDA19C25D1A00888433 /* JPViewController.m in Sources */ = {isa = PBXBuildFile; fileRef = 0303ABD919C25D1A00888433 /* JPViewController.m */; };
		0303ABDC19C25D1A00888433 /* Images.xcassets in Resources */ = {isa = PBXBuildFile; fileRef = 0303ABDB19C25D1A00888433 /* Images.xcassets */; };
		0303ABE319C25D1A00888433 /* XCTest.framework in Frameworks */ = {isa = PBXBuildFile; fileRef = 0303ABE219C25D1A00888433 /* XCTest.framework */; };
		0303ABE419C25D1A00888433 /* Foundation.framework in Frameworks */ = {isa = PBXBuildFile; fileRef = 0303ABC019C25D1A00888433 /* Foundation.framework */; };
		0303ABE519C25D1A00888433 /* UIKit.framework in Frameworks */ = {isa = PBXBuildFile; fileRef = 0303ABC419C25D1A00888433 /* UIKit.framework */; };
		0303ABED19C25D1A00888433 /* InfoPlist.strings in Resources */ = {isa = PBXBuildFile; fileRef = 0303ABEB19C25D1A00888433 /* InfoPlist.strings */; };
		0303ABEF19C25D1A00888433 /* sudokuTests.m in Sources */ = {isa = PBXBuildFile; fileRef = 0303ABEE19C25D1A00888433 /* sudokuTests.m */; };
		0303ABFA19C376F400888433 /* JPGridView.m in Sources */ = {isa = PBXBuildFile; fileRef = 0303ABF919C376F400888433 /* JPGridView.m */; };
		FE121B8419D4CF9400D099A6 /* grid1.txt in Resources */ = {isa = PBXBuildFile; fileRef = FE121B8319D4CF9400D099A6 /* grid1.txt */; };
		FE121B8719D4CFF100D099A6 /* RWAMGridGenerator.m in Sources */ = {isa = PBXBuildFile; fileRef = FE121B8619D4CFF100D099A6 /* RWAMGridGenerator.m */; };
		FE4C491B19CF7CB3004384C4 /* RWAMNumPadView.m in Sources */ = {isa = PBXBuildFile; fileRef = FE4C491A19CF7CB3004384C4 /* RWAMNumPadView.m */; };
		FE64BA0C19CCFB9900AE9EA8 /* RWAMGridModel.m in Sources */ = {isa = PBXBuildFile; fileRef = FE64BA0B19CCFB9900AE9EA8 /* RWAMGridModel.m */; };
		FEACF52019DFCEDE003DA6EB /* kitten1.jpg in Resources */ = {isa = PBXBuildFile; fileRef = FEACF51719DFCEDE003DA6EB /* kitten1.jpg */; };
		FEACF52119DFCEDE003DA6EB /* kitten2.jpg in Resources */ = {isa = PBXBuildFile; fileRef = FEACF51819DFCEDE003DA6EB /* kitten2.jpg */; };
		FEACF52219DFCEDE003DA6EB /* kitten3.jpg in Resources */ = {isa = PBXBuildFile; fileRef = FEACF51919DFCEDE003DA6EB /* kitten3.jpg */; };
		FEACF52319DFCEDE003DA6EB /* kitten4.jpg in Resources */ = {isa = PBXBuildFile; fileRef = FEACF51A19DFCEDE003DA6EB /* kitten4.jpg */; };
		FEACF52419DFCEDE003DA6EB /* kitten5.jpg in Resources */ = {isa = PBXBuildFile; fileRef = FEACF51B19DFCEDE003DA6EB /* kitten5.jpg */; };
		FEACF52519DFCEDE003DA6EB /* kitten6.jpg in Resources */ = {isa = PBXBuildFile; fileRef = FEACF51C19DFCEDE003DA6EB /* kitten6.jpg */; };
		FEACF52619DFCEDE003DA6EB /* kitten7.jpg in Resources */ = {isa = PBXBuildFile; fileRef = FEACF51D19DFCEDE003DA6EB /* kitten7.jpg */; };
		FEACF52719DFCEDE003DA6EB /* kitten8.jpg in Resources */ = {isa = PBXBuildFile; fileRef = FEACF51E19DFCEDE003DA6EB /* kitten8.jpg */; };
		FEACF52819DFCEDE003DA6EB /* kitten9.jpg in Resources */ = {isa = PBXBuildFile; fileRef = FEACF51F19DFCEDE003DA6EB /* kitten9.jpg */; };
		FEACF52A19E0AC89003DA6EB /* Justin Mahar - The Grind.mp3 in Resources */ = {isa = PBXBuildFile; fileRef = FEACF52919E0AC89003DA6EB /* Justin Mahar - The Grind.mp3 */; };
		FEFF521619D754E900664B6E /* grid2.txt in Resources */ = {isa = PBXBuildFile; fileRef = FEFF521519D754E900664B6E /* grid2.txt */; };
		FEFF521919D79C9F00664B6E /* RWAMButtonsView.m in Sources */ = {isa = PBXBuildFile; fileRef = FEFF521819D79C9F00664B6E /* RWAMButtonsView.m */; };
		FEFF521B19D8BD2600664B6E /* save.txt in Resources */ = {isa = PBXBuildFile; fileRef = FEFF521A19D8BD2600664B6E /* save.txt */; };
/* End PBXBuildFile section */

/* Begin PBXContainerItemProxy section */
		0303ABE619C25D1A00888433 /* PBXContainerItemProxy */ = {
			isa = PBXContainerItemProxy;
			containerPortal = 0303ABB519C25D1A00888433 /* Project object */;
			proxyType = 1;
			remoteGlobalIDString = 0303ABBC19C25D1A00888433;
			remoteInfo = sudoku;
		};
/* End PBXContainerItemProxy section */

/* Begin PBXFileReference section */
		0303ABBD19C25D1A00888433 /* sudoku.app */ = {isa = PBXFileReference; explicitFileType = wrapper.application; includeInIndex = 0; path = sudoku.app; sourceTree = BUILT_PRODUCTS_DIR; };
		0303ABC019C25D1A00888433 /* Foundation.framework */ = {isa = PBXFileReference; lastKnownFileType = wrapper.framework; name = Foundation.framework; path = System/Library/Frameworks/Foundation.framework; sourceTree = SDKROOT; };
		0303ABC219C25D1A00888433 /* CoreGraphics.framework */ = {isa = PBXFileReference; lastKnownFileType = wrapper.framework; name = CoreGraphics.framework; path = System/Library/Frameworks/CoreGraphics.framework; sourceTree = SDKROOT; };
		0303ABC419C25D1A00888433 /* UIKit.framework */ = {isa = PBXFileReference; lastKnownFileType = wrapper.framework; name = UIKit.framework; path = System/Library/Frameworks/UIKit.framework; sourceTree = SDKROOT; };
		0303ABC819C25D1A00888433 /* sudoku-Info.plist */ = {isa = PBXFileReference; lastKnownFileType = text.plist.xml; path = "sudoku-Info.plist"; sourceTree = "<group>"; };
		0303ABCA19C25D1A00888433 /* en */ = {isa = PBXFileReference; lastKnownFileType = text.plist.strings; name = en; path = en.lproj/InfoPlist.strings; sourceTree = "<group>"; };
		0303ABCC19C25D1A00888433 /* main.m */ = {isa = PBXFileReference; lastKnownFileType = sourcecode.c.objc; path = main.m; sourceTree = "<group>"; };
		0303ABCE19C25D1A00888433 /* sudoku-Prefix.pch */ = {isa = PBXFileReference; lastKnownFileType = sourcecode.c.h; path = "sudoku-Prefix.pch"; sourceTree = "<group>"; };
		0303ABCF19C25D1A00888433 /* JPAppDelegate.h */ = {isa = PBXFileReference; lastKnownFileType = sourcecode.c.h; path = JPAppDelegate.h; sourceTree = "<group>"; };
		0303ABD019C25D1A00888433 /* JPAppDelegate.m */ = {isa = PBXFileReference; lastKnownFileType = sourcecode.c.objc; path = JPAppDelegate.m; sourceTree = "<group>"; };
		0303ABD319C25D1A00888433 /* Base */ = {isa = PBXFileReference; lastKnownFileType = file.storyboard; name = Base; path = Base.lproj/Main_iPhone.storyboard; sourceTree = "<group>"; };
		0303ABD619C25D1A00888433 /* Base */ = {isa = PBXFileReference; lastKnownFileType = file.storyboard; name = Base; path = Base.lproj/Main_iPad.storyboard; sourceTree = "<group>"; };
		0303ABD819C25D1A00888433 /* JPViewController.h */ = {isa = PBXFileReference; lastKnownFileType = sourcecode.c.h; path = JPViewController.h; sourceTree = "<group>"; };
		0303ABD919C25D1A00888433 /* JPViewController.m */ = {isa = PBXFileReference; lastKnownFileType = sourcecode.c.objc; path = JPViewController.m; sourceTree = "<group>"; };
		0303ABDB19C25D1A00888433 /* Images.xcassets */ = {isa = PBXFileReference; lastKnownFileType = folder.assetcatalog; path = Images.xcassets; sourceTree = "<group>"; };
		0303ABE119C25D1A00888433 /* sudokuTests.xctest */ = {isa = PBXFileReference; explicitFileType = wrapper.cfbundle; includeInIndex = 0; path = sudokuTests.xctest; sourceTree = BUILT_PRODUCTS_DIR; };
		0303ABE219C25D1A00888433 /* XCTest.framework */ = {isa = PBXFileReference; lastKnownFileType = wrapper.framework; name = XCTest.framework; path = Library/Frameworks/XCTest.framework; sourceTree = DEVELOPER_DIR; };
		0303ABEA19C25D1A00888433 /* sudokuTests-Info.plist */ = {isa = PBXFileReference; lastKnownFileType = text.plist.xml; path = "sudokuTests-Info.plist"; sourceTree = "<group>"; };
		0303ABEC19C25D1A00888433 /* en */ = {isa = PBXFileReference; lastKnownFileType = text.plist.strings; name = en; path = en.lproj/InfoPlist.strings; sourceTree = "<group>"; };
		0303ABEE19C25D1A00888433 /* sudokuTests.m */ = {isa = PBXFileReference; lastKnownFileType = sourcecode.c.objc; path = sudokuTests.m; sourceTree = "<group>"; };
		0303ABF819C376F400888433 /* JPGridView.h */ = {isa = PBXFileReference; fileEncoding = 4; lastKnownFileType = sourcecode.c.h; path = JPGridView.h; sourceTree = "<group>"; };
		0303ABF919C376F400888433 /* JPGridView.m */ = {isa = PBXFileReference; fileEncoding = 4; lastKnownFileType = sourcecode.c.objc; path = JPGridView.m; sourceTree = "<group>"; };
		FE121B8319D4CF9400D099A6 /* grid1.txt */ = {isa = PBXFileReference; fileEncoding = 4; lastKnownFileType = text; path = grid1.txt; sourceTree = "<group>"; };
		FE121B8519D4CFF100D099A6 /* RWAMGridGenerator.h */ = {isa = PBXFileReference; fileEncoding = 4; lastKnownFileType = sourcecode.c.h; path = RWAMGridGenerator.h; sourceTree = "<group>"; };
		FE121B8619D4CFF100D099A6 /* RWAMGridGenerator.m */ = {isa = PBXFileReference; fileEncoding = 4; lastKnownFileType = sourcecode.c.objc; path = RWAMGridGenerator.m; sourceTree = "<group>"; };
		FE4C491919CF7CB3004384C4 /* RWAMNumPadView.h */ = {isa = PBXFileReference; fileEncoding = 4; lastKnownFileType = sourcecode.c.h; path = RWAMNumPadView.h; sourceTree = "<group>"; };
		FE4C491A19CF7CB3004384C4 /* RWAMNumPadView.m */ = {isa = PBXFileReference; fileEncoding = 4; lastKnownFileType = sourcecode.c.objc; path = RWAMNumPadView.m; sourceTree = "<group>"; };
		FE64BA0A19CCFB9900AE9EA8 /* RWAMGridModel.h */ = {isa = PBXFileReference; fileEncoding = 4; lastKnownFileType = sourcecode.c.h; path = RWAMGridModel.h; sourceTree = "<group>"; };
		FE64BA0B19CCFB9900AE9EA8 /* RWAMGridModel.m */ = {isa = PBXFileReference; fileEncoding = 4; lastKnownFileType = sourcecode.c.objc; path = RWAMGridModel.m; sourceTree = "<group>"; };
		FEACF51719DFCEDE003DA6EB /* kitten1.jpg */ = {isa = PBXFileReference; lastKnownFileType = image.jpeg; path = kitten1.jpg; sourceTree = "<group>"; };
		FEACF51819DFCEDE003DA6EB /* kitten2.jpg */ = {isa = PBXFileReference; lastKnownFileType = image.jpeg; path = kitten2.jpg; sourceTree = "<group>"; };
		FEACF51919DFCEDE003DA6EB /* kitten3.jpg */ = {isa = PBXFileReference; lastKnownFileType = image.jpeg; path = kitten3.jpg; sourceTree = "<group>"; };
		FEACF51A19DFCEDE003DA6EB /* kitten4.jpg */ = {isa = PBXFileReference; lastKnownFileType = image.jpeg; path = kitten4.jpg; sourceTree = "<group>"; };
		FEACF51B19DFCEDE003DA6EB /* kitten5.jpg */ = {isa = PBXFileReference; lastKnownFileType = image.jpeg; path = kitten5.jpg; sourceTree = "<group>"; };
		FEACF51C19DFCEDE003DA6EB /* kitten6.jpg */ = {isa = PBXFileReference; lastKnownFileType = image.jpeg; path = kitten6.jpg; sourceTree = "<group>"; };
		FEACF51D19DFCEDE003DA6EB /* kitten7.jpg */ = {isa = PBXFileReference; lastKnownFileType = image.jpeg; path = kitten7.jpg; sourceTree = "<group>"; };
		FEACF51E19DFCEDE003DA6EB /* kitten8.jpg */ = {isa = PBXFileReference; lastKnownFileType = image.jpeg; path = kitten8.jpg; sourceTree = "<group>"; };
		FEACF51F19DFCEDE003DA6EB /* kitten9.jpg */ = {isa = PBXFileReference; lastKnownFileType = image.jpeg; path = kitten9.jpg; sourceTree = "<group>"; };
		FEACF52919E0AC89003DA6EB /* Justin Mahar - The Grind.mp3 */ = {isa = PBXFileReference; lastKnownFileType = audio.mp3; path = "Justin Mahar - The Grind.mp3"; sourceTree = "<group>"; };
		FEFF521519D754E900664B6E /* grid2.txt */ = {isa = PBXFileReference; fileEncoding = 4; lastKnownFileType = text; path = grid2.txt; sourceTree = "<group>"; };
		FEFF521719D79C9F00664B6E /* RWAMButtonsView.h */ = {isa = PBXFileReference; fileEncoding = 4; lastKnownFileType = sourcecode.c.h; path = RWAMButtonsView.h; sourceTree = "<group>"; };
		FEFF521819D79C9F00664B6E /* RWAMButtonsView.m */ = {isa = PBXFileReference; fileEncoding = 4; lastKnownFileType = sourcecode.c.objc; path = RWAMButtonsView.m; sourceTree = "<group>"; };
		FEFF521A19D8BD2600664B6E /* save.txt */ = {isa = PBXFileReference; fileEncoding = 4; lastKnownFileType = text; path = save.txt; sourceTree = "<group>"; };
/* End PBXFileReference section */

/* Begin PBXFrameworksBuildPhase section */
		0303ABBA19C25D1A00888433 /* Frameworks */ = {
			isa = PBXFrameworksBuildPhase;
			buildActionMask = 2147483647;
			files = (
				0303ABC319C25D1A00888433 /* CoreGraphics.framework in Frameworks */,
				0303ABC519C25D1A00888433 /* UIKit.framework in Frameworks */,
				0303ABC119C25D1A00888433 /* Foundation.framework in Frameworks */,
			);
			runOnlyForDeploymentPostprocessing = 0;
		};
		0303ABDE19C25D1A00888433 /* Frameworks */ = {
			isa = PBXFrameworksBuildPhase;
			buildActionMask = 2147483647;
			files = (
				0303ABE319C25D1A00888433 /* XCTest.framework in Frameworks */,
				0303ABE519C25D1A00888433 /* UIKit.framework in Frameworks */,
				0303ABE419C25D1A00888433 /* Foundation.framework in Frameworks */,
			);
			runOnlyForDeploymentPostprocessing = 0;
		};
/* End PBXFrameworksBuildPhase section */

/* Begin PBXGroup section */
		0303ABB419C25D1A00888433 = {
			isa = PBXGroup;
			children = (
				0303ABC619C25D1A00888433 /* sudoku */,
				0303ABE819C25D1A00888433 /* sudokuTests */,
				0303ABBF19C25D1A00888433 /* Frameworks */,
				0303ABBE19C25D1A00888433 /* Products */,
			);
			sourceTree = "<group>";
		};
		0303ABBE19C25D1A00888433 /* Products */ = {
			isa = PBXGroup;
			children = (
				0303ABBD19C25D1A00888433 /* sudoku.app */,
				0303ABE119C25D1A00888433 /* sudokuTests.xctest */,
			);
			name = Products;
			sourceTree = "<group>";
		};
		0303ABBF19C25D1A00888433 /* Frameworks */ = {
			isa = PBXGroup;
			children = (
				0303ABC019C25D1A00888433 /* Foundation.framework */,
				0303ABC219C25D1A00888433 /* CoreGraphics.framework */,
				0303ABC419C25D1A00888433 /* UIKit.framework */,
				0303ABE219C25D1A00888433 /* XCTest.framework */,
			);
			name = Frameworks;
			sourceTree = "<group>";
		};
		0303ABC619C25D1A00888433 /* sudoku */ = {
			isa = PBXGroup;
			children = (
				FE121B8319D4CF9400D099A6 /* grid1.txt */,
				FEFF521519D754E900664B6E /* grid2.txt */,
				FEFF521A19D8BD2600664B6E /* save.txt */,
				FEACF51719DFCEDE003DA6EB /* kitten1.jpg */,
				FEACF51819DFCEDE003DA6EB /* kitten2.jpg */,
				FEACF51919DFCEDE003DA6EB /* kitten3.jpg */,
				FEACF51A19DFCEDE003DA6EB /* kitten4.jpg */,
				FEACF51B19DFCEDE003DA6EB /* kitten5.jpg */,
				FEACF51C19DFCEDE003DA6EB /* kitten6.jpg */,
				FEACF51D19DFCEDE003DA6EB /* kitten7.jpg */,
				FEACF51E19DFCEDE003DA6EB /* kitten8.jpg */,
				FEACF51F19DFCEDE003DA6EB /* kitten9.jpg */,
				FEACF52919E0AC89003DA6EB /* Justin Mahar - The Grind.mp3 */,
				0303ABCF19C25D1A00888433 /* JPAppDelegate.h */,
				0303ABD019C25D1A00888433 /* JPAppDelegate.m */,
				0303ABD219C25D1A00888433 /* Main_iPhone.storyboard */,
				0303ABD519C25D1A00888433 /* Main_iPad.storyboard */,
				0303ABD819C25D1A00888433 /* JPViewController.h */,
				0303ABD919C25D1A00888433 /* JPViewController.m */,
				FEFF521719D79C9F00664B6E /* RWAMButtonsView.h */,
				FEFF521819D79C9F00664B6E /* RWAMButtonsView.m */,
				0303ABF819C376F400888433 /* JPGridView.h */,
				0303ABF919C376F400888433 /* JPGridView.m */,
				FE121B8519D4CFF100D099A6 /* RWAMGridGenerator.h */,
				FE121B8619D4CFF100D099A6 /* RWAMGridGenerator.m */,
				FE64BA0A19CCFB9900AE9EA8 /* RWAMGridModel.h */,
				FE64BA0B19CCFB9900AE9EA8 /* RWAMGridModel.m */,
				FE4C491919CF7CB3004384C4 /* RWAMNumPadView.h */,
				FE4C491A19CF7CB3004384C4 /* RWAMNumPadView.m */,
				0303ABDB19C25D1A00888433 /* Images.xcassets */,
				0303ABC719C25D1A00888433 /* Supporting Files */,
			);
			path = sudoku;
			sourceTree = "<group>";
		};
		0303ABC719C25D1A00888433 /* Supporting Files */ = {
			isa = PBXGroup;
			children = (
				0303ABC819C25D1A00888433 /* sudoku-Info.plist */,
				0303ABC919C25D1A00888433 /* InfoPlist.strings */,
				0303ABCC19C25D1A00888433 /* main.m */,
				0303ABCE19C25D1A00888433 /* sudoku-Prefix.pch */,
			);
			name = "Supporting Files";
			sourceTree = "<group>";
		};
		0303ABE819C25D1A00888433 /* sudokuTests */ = {
			isa = PBXGroup;
			children = (
				0303ABEE19C25D1A00888433 /* sudokuTests.m */,
				0303ABE919C25D1A00888433 /* Supporting Files */,
			);
			path = sudokuTests;
			sourceTree = "<group>";
		};
		0303ABE919C25D1A00888433 /* Supporting Files */ = {
			isa = PBXGroup;
			children = (
				0303ABEA19C25D1A00888433 /* sudokuTests-Info.plist */,
				0303ABEB19C25D1A00888433 /* InfoPlist.strings */,
			);
			name = "Supporting Files";
			sourceTree = "<group>";
		};
/* End PBXGroup section */

/* Begin PBXNativeTarget section */
		0303ABBC19C25D1A00888433 /* sudoku */ = {
			isa = PBXNativeTarget;
			buildConfigurationList = 0303ABF219C25D1A00888433 /* Build configuration list for PBXNativeTarget "sudoku" */;
			buildPhases = (
				0303ABB919C25D1A00888433 /* Sources */,
				0303ABBA19C25D1A00888433 /* Frameworks */,
				0303ABBB19C25D1A00888433 /* Resources */,
			);
			buildRules = (
			);
			dependencies = (
			);
			name = sudoku;
			productName = sudoku;
			productReference = 0303ABBD19C25D1A00888433 /* sudoku.app */;
			productType = "com.apple.product-type.application";
		};
		0303ABE019C25D1A00888433 /* sudokuTests */ = {
			isa = PBXNativeTarget;
			buildConfigurationList = 0303ABF519C25D1A00888433 /* Build configuration list for PBXNativeTarget "sudokuTests" */;
			buildPhases = (
				0303ABDD19C25D1A00888433 /* Sources */,
				0303ABDE19C25D1A00888433 /* Frameworks */,
				0303ABDF19C25D1A00888433 /* Resources */,
			);
			buildRules = (
			);
			dependencies = (
				0303ABE719C25D1A00888433 /* PBXTargetDependency */,
			);
			name = sudokuTests;
			productName = sudokuTests;
			productReference = 0303ABE119C25D1A00888433 /* sudokuTests.xctest */;
			productType = "com.apple.product-type.bundle.unit-test";
		};
/* End PBXNativeTarget section */

/* Begin PBXProject section */
		0303ABB519C25D1A00888433 /* Project object */ = {
			isa = PBXProject;
			attributes = {
				CLASSPREFIX = JP;
				LastUpgradeCheck = 0510;
				ORGANIZATIONNAME = "Josh Petrack";
				TargetAttributes = {
					0303ABE019C25D1A00888433 = {
						TestTargetID = 0303ABBC19C25D1A00888433;
					};
				};
			};
			buildConfigurationList = 0303ABB819C25D1A00888433 /* Build configuration list for PBXProject "sudoku" */;
			compatibilityVersion = "Xcode 3.2";
			developmentRegion = English;
			hasScannedForEncodings = 0;
			knownRegions = (
				en,
				Base,
			);
			mainGroup = 0303ABB419C25D1A00888433;
			productRefGroup = 0303ABBE19C25D1A00888433 /* Products */;
			projectDirPath = "";
			projectRoot = "";
			targets = (
				0303ABBC19C25D1A00888433 /* sudoku */,
				0303ABE019C25D1A00888433 /* sudokuTests */,
			);
		};
/* End PBXProject section */

/* Begin PBXResourcesBuildPhase section */
		0303ABBB19C25D1A00888433 /* Resources */ = {
			isa = PBXResourcesBuildPhase;
			buildActionMask = 2147483647;
			files = (
				FEACF52619DFCEDE003DA6EB /* kitten7.jpg in Resources */,
				FEACF52219DFCEDE003DA6EB /* kitten3.jpg in Resources */,
				FEACF52819DFCEDE003DA6EB /* kitten9.jpg in Resources */,
				0303ABD719C25D1A00888433 /* Main_iPad.storyboard in Resources */,
				FEACF52419DFCEDE003DA6EB /* kitten5.jpg in Resources */,
				FEFF521B19D8BD2600664B6E /* save.txt in Resources */,
				FEACF52719DFCEDE003DA6EB /* kitten8.jpg in Resources */,
				FEACF52119DFCEDE003DA6EB /* kitten2.jpg in Resources */,
				FEACF52A19E0AC89003DA6EB /* Justin Mahar - The Grind.mp3 in Resources */,
				FEACF52319DFCEDE003DA6EB /* kitten4.jpg in Resources */,
				FEACF52019DFCEDE003DA6EB /* kitten1.jpg in Resources */,
				FE121B8419D4CF9400D099A6 /* grid1.txt in Resources */,
				FEACF52519DFCEDE003DA6EB /* kitten6.jpg in Resources */,
				0303ABDC19C25D1A00888433 /* Images.xcassets in Resources */,
				FEFF521619D754E900664B6E /* grid2.txt in Resources */,
				0303ABD419C25D1A00888433 /* Main_iPhone.storyboard in Resources */,
				0303ABCB19C25D1A00888433 /* InfoPlist.strings in Resources */,
			);
			runOnlyForDeploymentPostprocessing = 0;
		};
		0303ABDF19C25D1A00888433 /* Resources */ = {
			isa = PBXResourcesBuildPhase;
			buildActionMask = 2147483647;
			files = (
				0303ABED19C25D1A00888433 /* InfoPlist.strings in Resources */,
			);
			runOnlyForDeploymentPostprocessing = 0;
		};
/* End PBXResourcesBuildPhase section */

/* Begin PBXSourcesBuildPhase section */
		0303ABB919C25D1A00888433 /* Sources */ = {
			isa = PBXSourcesBuildPhase;
			buildActionMask = 2147483647;
			files = (
				0303ABD119C25D1A00888433 /* JPAppDelegate.m in Sources */,
				0303ABDA19C25D1A00888433 /* JPViewController.m in Sources */,
				0303ABFA19C376F400888433 /* JPGridView.m in Sources */,
				FE64BA0C19CCFB9900AE9EA8 /* RWAMGridModel.m in Sources */,
				FE4C491B19CF7CB3004384C4 /* RWAMNumPadView.m in Sources */,
				FEFF521919D79C9F00664B6E /* RWAMButtonsView.m in Sources */,
				0303ABCD19C25D1A00888433 /* main.m in Sources */,
				FE121B8719D4CFF100D099A6 /* RWAMGridGenerator.m in Sources */,
			);
			runOnlyForDeploymentPostprocessing = 0;
		};
		0303ABDD19C25D1A00888433 /* Sources */ = {
			isa = PBXSourcesBuildPhase;
			buildActionMask = 2147483647;
			files = (
				0303ABEF19C25D1A00888433 /* sudokuTests.m in Sources */,
			);
			runOnlyForDeploymentPostprocessing = 0;
		};
/* End PBXSourcesBuildPhase section */

/* Begin PBXTargetDependency section */
		0303ABE719C25D1A00888433 /* PBXTargetDependency */ = {
			isa = PBXTargetDependency;
			target = 0303ABBC19C25D1A00888433 /* sudoku */;
			targetProxy = 0303ABE619C25D1A00888433 /* PBXContainerItemProxy */;
		};
/* End PBXTargetDependency section */

/* Begin PBXVariantGroup section */
		0303ABC919C25D1A00888433 /* InfoPlist.strings */ = {
			isa = PBXVariantGroup;
			children = (
				0303ABCA19C25D1A00888433 /* en */,
			);
			name = InfoPlist.strings;
			sourceTree = "<group>";
		};
		0303ABD219C25D1A00888433 /* Main_iPhone.storyboard */ = {
			isa = PBXVariantGroup;
			children = (
				0303ABD319C25D1A00888433 /* Base */,
			);
			name = Main_iPhone.storyboard;
			sourceTree = "<group>";
		};
		0303ABD519C25D1A00888433 /* Main_iPad.storyboard */ = {
			isa = PBXVariantGroup;
			children = (
				0303ABD619C25D1A00888433 /* Base */,
			);
			name = Main_iPad.storyboard;
			sourceTree = "<group>";
		};
		0303ABEB19C25D1A00888433 /* InfoPlist.strings */ = {
			isa = PBXVariantGroup;
			children = (
				0303ABEC19C25D1A00888433 /* en */,
			);
			name = InfoPlist.strings;
			sourceTree = "<group>";
		};
/* End PBXVariantGroup section */

/* Begin XCBuildConfiguration section */
		0303ABF019C25D1A00888433 /* Debug */ = {
			isa = XCBuildConfiguration;
			buildSettings = {
				ALWAYS_SEARCH_USER_PATHS = NO;
				CLANG_CXX_LANGUAGE_STANDARD = "gnu++0x";
				CLANG_CXX_LIBRARY = "libc++";
				CLANG_ENABLE_MODULES = YES;
				CLANG_ENABLE_OBJC_ARC = YES;
				CLANG_WARN_BOOL_CONVERSION = YES;
				CLANG_WARN_CONSTANT_CONVERSION = YES;
				CLANG_WARN_DIRECT_OBJC_ISA_USAGE = YES_ERROR;
				CLANG_WARN_EMPTY_BODY = YES;
				CLANG_WARN_ENUM_CONVERSION = YES;
				CLANG_WARN_INT_CONVERSION = YES;
				CLANG_WARN_OBJC_ROOT_CLASS = YES_ERROR;
				CLANG_WARN__DUPLICATE_METHOD_MATCH = YES;
				"CODE_SIGN_IDENTITY[sdk=iphoneos*]" = "iPhone Developer";
				COPY_PHASE_STRIP = NO;
				GCC_C_LANGUAGE_STANDARD = gnu99;
				GCC_DYNAMIC_NO_PIC = NO;
				GCC_OPTIMIZATION_LEVEL = 0;
				GCC_PREPROCESSOR_DEFINITIONS = (
					"DEBUG=1",
					"$(inherited)",
				);
				GCC_SYMBOLS_PRIVATE_EXTERN = NO;
				GCC_WARN_64_TO_32_BIT_CONVERSION = YES;
				GCC_WARN_ABOUT_RETURN_TYPE = YES_ERROR;
				GCC_WARN_UNDECLARED_SELECTOR = YES;
				GCC_WARN_UNINITIALIZED_AUTOS = YES_AGGRESSIVE;
				GCC_WARN_UNUSED_FUNCTION = YES;
				GCC_WARN_UNUSED_VARIABLE = YES;
				IPHONEOS_DEPLOYMENT_TARGET = 7.1;
				ONLY_ACTIVE_ARCH = YES;
				SDKROOT = iphoneos;
				TARGETED_DEVICE_FAMILY = "1,2";
			};
			name = Debug;
		};
		0303ABF119C25D1A00888433 /* Release */ = {
			isa = XCBuildConfiguration;
			buildSettings = {
				ALWAYS_SEARCH_USER_PATHS = NO;
				CLANG_CXX_LANGUAGE_STANDARD = "gnu++0x";
				CLANG_CXX_LIBRARY = "libc++";
				CLANG_ENABLE_MODULES = YES;
				CLANG_ENABLE_OBJC_ARC = YES;
				CLANG_WARN_BOOL_CONVERSION = YES;
				CLANG_WARN_CONSTANT_CONVERSION = YES;
				CLANG_WARN_DIRECT_OBJC_ISA_USAGE = YES_ERROR;
				CLANG_WARN_EMPTY_BODY = YES;
				CLANG_WARN_ENUM_CONVERSION = YES;
				CLANG_WARN_INT_CONVERSION = YES;
				CLANG_WARN_OBJC_ROOT_CLASS = YES_ERROR;
				CLANG_WARN__DUPLICATE_METHOD_MATCH = YES;
				"CODE_SIGN_IDENTITY[sdk=iphoneos*]" = "iPhone Developer";
				COPY_PHASE_STRIP = YES;
				ENABLE_NS_ASSERTIONS = NO;
				GCC_C_LANGUAGE_STANDARD = gnu99;
				GCC_WARN_64_TO_32_BIT_CONVERSION = YES;
				GCC_WARN_ABOUT_RETURN_TYPE = YES_ERROR;
				GCC_WARN_UNDECLARED_SELECTOR = YES;
				GCC_WARN_UNINITIALIZED_AUTOS = YES_AGGRESSIVE;
				GCC_WARN_UNUSED_FUNCTION = YES;
				GCC_WARN_UNUSED_VARIABLE = YES;
				IPHONEOS_DEPLOYMENT_TARGET = 7.1;
				SDKROOT = iphoneos;
				TARGETED_DEVICE_FAMILY = "1,2";
				VALIDATE_PRODUCT = YES;
			};
			name = Release;
		};
		0303ABF319C25D1A00888433 /* Debug */ = {
			isa = XCBuildConfiguration;
			buildSettings = {
				ASSETCATALOG_COMPILER_APPICON_NAME = AppIcon;
				ASSETCATALOG_COMPILER_LAUNCHIMAGE_NAME = LaunchImage;
				GCC_PRECOMPILE_PREFIX_HEADER = YES;
				GCC_PREFIX_HEADER = "sudoku/sudoku-Prefix.pch";
				INFOPLIST_FILE = "sudoku/sudoku-Info.plist";
				PRODUCT_NAME = "$(TARGET_NAME)";
				WRAPPER_EXTENSION = app;
			};
			name = Debug;
		};
		0303ABF419C25D1A00888433 /* Release */ = {
			isa = XCBuildConfiguration;
			buildSettings = {
				ASSETCATALOG_COMPILER_APPICON_NAME = AppIcon;
				ASSETCATALOG_COMPILER_LAUNCHIMAGE_NAME = LaunchImage;
				GCC_PRECOMPILE_PREFIX_HEADER = YES;
				GCC_PREFIX_HEADER = "sudoku/sudoku-Prefix.pch";
				INFOPLIST_FILE = "sudoku/sudoku-Info.plist";
				PRODUCT_NAME = "$(TARGET_NAME)";
				WRAPPER_EXTENSION = app;
			};
			name = Release;
		};
		0303ABF619C25D1A00888433 /* Debug */ = {
			isa = XCBuildConfiguration;
			buildSettings = {
				BUNDLE_LOADER = "$(BUILT_PRODUCTS_DIR)/sudoku.app/sudoku";
				FRAMEWORK_SEARCH_PATHS = (
					"$(SDKROOT)/Developer/Library/Frameworks",
					"$(inherited)",
					"$(DEVELOPER_FRAMEWORKS_DIR)",
				);
				GCC_PRECOMPILE_PREFIX_HEADER = YES;
				GCC_PREFIX_HEADER = "sudoku/sudoku-Prefix.pch";
				GCC_PREPROCESSOR_DEFINITIONS = (
					"DEBUG=1",
					"$(inherited)",
				);
				INFOPLIST_FILE = "sudokuTests/sudokuTests-Info.plist";
				PRODUCT_NAME = "$(TARGET_NAME)";
				TEST_HOST = "$(BUNDLE_LOADER)";
				WRAPPER_EXTENSION = xctest;
			};
			name = Debug;
		};
		0303ABF719C25D1A00888433 /* Release */ = {
			isa = XCBuildConfiguration;
			buildSettings = {
				BUNDLE_LOADER = "$(BUILT_PRODUCTS_DIR)/sudoku.app/sudoku";
				FRAMEWORK_SEARCH_PATHS = (
					"$(SDKROOT)/Developer/Library/Frameworks",
					"$(inherited)",
					"$(DEVELOPER_FRAMEWORKS_DIR)",
				);
				GCC_PRECOMPILE_PREFIX_HEADER = YES;
				GCC_PREFIX_HEADER = "sudoku/sudoku-Prefix.pch";
				INFOPLIST_FILE = "sudokuTests/sudokuTests-Info.plist";
				PRODUCT_NAME = "$(TARGET_NAME)";
				TEST_HOST = "$(BUNDLE_LOADER)";
				WRAPPER_EXTENSION = xctest;
			};
			name = Release;
		};
/* End XCBuildConfiguration section */

/* Begin XCConfigurationList section */
		0303ABB819C25D1A00888433 /* Build configuration list for PBXProject "sudoku" */ = {
			isa = XCConfigurationList;
			buildConfigurations = (
				0303ABF019C25D1A00888433 /* Debug */,
				0303ABF119C25D1A00888433 /* Release */,
			);
			defaultConfigurationIsVisible = 0;
			defaultConfigurationName = Release;
		};
		0303ABF219C25D1A00888433 /* Build configuration list for PBXNativeTarget "sudoku" */ = {
			isa = XCConfigurationList;
			buildConfigurations = (
				0303ABF319C25D1A00888433 /* Debug */,
				0303ABF419C25D1A00888433 /* Release */,
			);
			defaultConfigurationIsVisible = 0;
			defaultConfigurationName = Release;
		};
		0303ABF519C25D1A00888433 /* Build configuration list for PBXNativeTarget "sudokuTests" */ = {
			isa = XCConfigurationList;
			buildConfigurations = (
				0303ABF619C25D1A00888433 /* Debug */,
				0303ABF719C25D1A00888433 /* Release */,
			);
			defaultConfigurationIsVisible = 0;
			defaultConfigurationName = Release;
		};
/* End XCConfigurationList section */
	};
	rootObject = 0303ABB519C25D1A00888433 /* Project object */;
}
